
Microsoft Visual Studio Solution File, Format Version 12.00
# Visual Studio 15
VisualStudioVersion = 15.0.27130.2010
MinimumVisualStudioVersion = 10.0.40219.1
Project("{F184B08F-C81C-45F6-A57F-5ABD9991F28F}") = "Cubo de Rubik", "Cubo de Rubik\Cubo de Rubik.vbproj", "{5DB36D48-DFF8-48BD-B976-6D344A92CC83}"
EndProject
Global
	GlobalSection(SolutionConfigurationPlatforms) = preSolution
		Debug|Any CPU = Debug|Any CPU
		Release|Any CPU = Release|Any CPU
	EndGlobalSection
	GlobalSection(ProjectConfigurationPlatforms) = postSolution
		{5DB36D48-DFF8-48BD-B976-6D344A92CC83}.Debug|Any CPU.ActiveCfg = Debug|Any CPU
		{5DB36D48-DFF8-48BD-B976-6D344A92CC83}.Debug|Any CPU.Build.0 = Debug|Any CPU
		{5DB36D48-DFF8-48BD-B976-6D344A92CC83}.Release|Any CPU.ActiveCfg = Release|Any CPU
		{5DB36D48-DFF8-48BD-B976-6D344A92CC83}.Release|Any CPU.Build.0 = Release|Any CPU
	EndGlobalSection
	GlobalSection(SolutionProperties) = preSolution
		HideSolutionNode = FALSE
	EndGlobalSection
	GlobalSection(ExtensibilityGlobals) = postSolution
		SolutionGuid = {02CB8E40-37D9-4161-B1AC-793452BD2914}
	EndGlobalSection
EndGlobal
